// !$*UTF8*$!
{
	archiveVersion = 1;
	classes = {
	};
	objectVersion = 46;
	objects = {

/* Begin PBXBuildFile section */
		84D2B5D91A0E13F800F29DC3 /* main.m in Sources */ = {isa = PBXBuildFile; fileRef = 84D2B5D81A0E13F800F29DC3 /* main.m */; };
		84D2B5DC1A0E13F800F29DC3 /* AppDelegate.m in Sources */ = {isa = PBXBuildFile; fileRef = 84D2B5DB1A0E13F800F29DC3 /* AppDelegate.m */; };
		84D2B5E41A0E13F800F29DC3 /* Images.xcassets in Resources */ = {isa = PBXBuildFile; fileRef = 84D2B5E31A0E13F800F29DC3 /* Images.xcassets */; };
		84D2B5E71A0E13F800F29DC3 /* LaunchScreen.xib in Resources */ = {isa = PBXBuildFile; fileRef = 84D2B5E51A0E13F800F29DC3 /* LaunchScreen.xib */; };
		84D2B5F31A0E13F800F29DC3 /* TrendsetterTests.m in Sources */ = {isa = PBXBuildFile; fileRef = 84D2B5F21A0E13F800F29DC3 /* TrendsetterTests.m */; };
		84D2B5FF1A0E142B00F29DC3 /* LoginViewController.m in Sources */ = {isa = PBXBuildFile; fileRef = 84D2B5FD1A0E142B00F29DC3 /* LoginViewController.m */; };
		84D2B6001A0E142B00F29DC3 /* LoginViewController.xib in Resources */ = {isa = PBXBuildFile; fileRef = 84D2B5FE1A0E142B00F29DC3 /* LoginViewController.xib */; };
/* End PBXBuildFile section */

/* Begin PBXContainerItemProxy section */
		84D2B5ED1A0E13F800F29DC3 /* PBXContainerItemProxy */ = {
			isa = PBXContainerItemProxy;
			containerPortal = 84D2B5CB1A0E13F800F29DC3 /* Project object */;
			proxyType = 1;
			remoteGlobalIDString = 84D2B5D21A0E13F800F29DC3;
			remoteInfo = Trendsetter;
		};
/* End PBXContainerItemProxy section */

/* Begin PBXFileReference section */
		84D2B5D31A0E13F800F29DC3 /* Trendsetter.app */ = {isa = PBXFileReference; explicitFileType = wrapper.application; includeInIndex = 0; path = Trendsetter.app; sourceTree = BUILT_PRODUCTS_DIR; };
		84D2B5D71A0E13F800F29DC3 /* Info.plist */ = {isa = PBXFileReference; lastKnownFileType = text.plist.xml; path = Info.plist; sourceTree = "<group>"; };
		84D2B5D81A0E13F800F29DC3 /* main.m */ = {isa = PBXFileReference; lastKnownFileType = sourcecode.c.objc; path = main.m; sourceTree = "<group>"; };
		84D2B5DA1A0E13F800F29DC3 /* AppDelegate.h */ = {isa = PBXFileReference; lastKnownFileType = sourcecode.c.h; path = AppDelegate.h; sourceTree = "<group>"; };
		84D2B5DB1A0E13F800F29DC3 /* AppDelegate.m */ = {isa = PBXFileReference; lastKnownFileType = sourcecode.c.objc; path = AppDelegate.m; sourceTree = "<group>"; };
		84D2B5E31A0E13F800F29DC3 /* Images.xcassets */ = {isa = PBXFileReference; lastKnownFileType = folder.assetcatalog; path = Images.xcassets; sourceTree = "<group>"; };
		84D2B5E61A0E13F800F29DC3 /* Base */ = {isa = PBXFileReference; lastKnownFileType = file.xib; name = Base; path = Base.lproj/LaunchScreen.xib; sourceTree = "<group>"; };
		84D2B5EC1A0E13F800F29DC3 /* TrendsetterTests.xctest */ = {isa = PBXFileReference; explicitFileType = wrapper.cfbundle; includeInIndex = 0; path = TrendsetterTests.xctest; sourceTree = BUILT_PRODUCTS_DIR; };
		84D2B5F11A0E13F800F29DC3 /* Info.plist */ = {isa = PBXFileReference; lastKnownFileType = text.plist.xml; path = Info.plist; sourceTree = "<group>"; };
		84D2B5F21A0E13F800F29DC3 /* TrendsetterTests.m */ = {isa = PBXFileReference; lastKnownFileType = sourcecode.c.objc; path = TrendsetterTests.m; sourceTree = "<group>"; };
		84D2B5FC1A0E142B00F29DC3 /* LoginViewController.h */ = {isa = PBXFileReference; fileEncoding = 4; lastKnownFileType = sourcecode.c.h; path = LoginViewController.h; sourceTree = "<group>"; };
		84D2B5FD1A0E142B00F29DC3 /* LoginViewController.m */ = {isa = PBXFileReference; fileEncoding = 4; lastKnownFileType = sourcecode.c.objc; path = LoginViewController.m; sourceTree = "<group>"; };
		84D2B5FE1A0E142B00F29DC3 /* LoginViewController.xib */ = {isa = PBXFileReference; fileEncoding = 4; lastKnownFileType = file.xib; path = LoginViewController.xib; sourceTree = "<group>"; };
/* End PBXFileReference section */

/* Begin PBXFrameworksBuildPhase section */
		84D2B5D01A0E13F800F29DC3 /* Frameworks */ = {
			isa = PBXFrameworksBuildPhase;
			buildActionMask = 2147483647;
			files = (
			);
			runOnlyForDeploymentPostprocessing = 0;
		};
		84D2B5E91A0E13F800F29DC3 /* Frameworks */ = {
			isa = PBXFrameworksBuildPhase;
			buildActionMask = 2147483647;
			files = (
			);
			runOnlyForDeploymentPostprocessing = 0;
		};
/* End PBXFrameworksBuildPhase section */

/* Begin PBXGroup section */
		84D2B5CA1A0E13F800F29DC3 = {
			isa = PBXGroup;
			children = (
				84D2B5D51A0E13F800F29DC3 /* Trendsetter */,
				84D2B5EF1A0E13F800F29DC3 /* TrendsetterTests */,
				84D2B5D41A0E13F800F29DC3 /* Products */,
			);
			sourceTree = "<group>";
		};
		84D2B5D41A0E13F800F29DC3 /* Products */ = {
			isa = PBXGroup;
			children = (
				84D2B5D31A0E13F800F29DC3 /* Trendsetter.app */,
				84D2B5EC1A0E13F800F29DC3 /* TrendsetterTests.xctest */,
			);
			name = Products;
			sourceTree = "<group>";
		};
		84D2B5D51A0E13F800F29DC3 /* Trendsetter */ = {
			isa = PBXGroup;
			children = (
				84D2B5DA1A0E13F800F29DC3 /* AppDelegate.h */,
				84D2B5DB1A0E13F800F29DC3 /* AppDelegate.m */,
				84D2B5E31A0E13F800F29DC3 /* Images.xcassets */,
				84D2B5E51A0E13F800F29DC3 /* LaunchScreen.xib */,
				84D2B5D61A0E13F800F29DC3 /* Supporting Files */,
				84D2B5FC1A0E142B00F29DC3 /* LoginViewController.h */,
				84D2B5FD1A0E142B00F29DC3 /* LoginViewController.m */,
				84D2B5FE1A0E142B00F29DC3 /* LoginViewController.xib */,
			);
			path = Trendsetter;
			sourceTree = "<group>";
		};
		84D2B5D61A0E13F800F29DC3 /* Supporting Files */ = {
			isa = PBXGroup;
			children = (
				84D2B5D71A0E13F800F29DC3 /* Info.plist */,
				84D2B5D81A0E13F800F29DC3 /* main.m */,
			);
			name = "Supporting Files";
			sourceTree = "<group>";
		};
		84D2B5EF1A0E13F800F29DC3 /* TrendsetterTests */ = {
			isa = PBXGroup;
			children = (
				84D2B5F21A0E13F800F29DC3 /* TrendsetterTests.m */,
				84D2B5F01A0E13F800F29DC3 /* Supporting Files */,
			);
			path = TrendsetterTests;
			sourceTree = "<group>";
		};
		84D2B5F01A0E13F800F29DC3 /* Supporting Files */ = {
			isa = PBXGroup;
			children = (
				84D2B5F11A0E13F800F29DC3 /* Info.plist */,
			);
			name = "Supporting Files";
			sourceTree = "<group>";
		};
/* End PBXGroup section */

/* Begin PBXNativeTarget section */
		84D2B5D21A0E13F800F29DC3 /* Trendsetter */ = {
			isa = PBXNativeTarget;
			buildConfigurationList = 84D2B5F61A0E13F800F29DC3 /* Build configuration list for PBXNativeTarget "Trendsetter" */;
			buildPhases = (
				84D2B5CF1A0E13F800F29DC3 /* Sources */,
				84D2B5D01A0E13F800F29DC3 /* Frameworks */,
				84D2B5D11A0E13F800F29DC3 /* Resources */,
			);
			buildRules = (
			);
			dependencies = (
			);
			name = Trendsetter;
			productName = Trendsetter;
			productReference = 84D2B5D31A0E13F800F29DC3 /* Trendsetter.app */;
			productType = "com.apple.product-type.application";
		};
		84D2B5EB1A0E13F800F29DC3 /* TrendsetterTests */ = {
			isa = PBXNativeTarget;
			buildConfigurationList = 84D2B5F91A0E13F800F29DC3 /* Build configuration list for PBXNativeTarget "TrendsetterTests" */;
			buildPhases = (
				84D2B5E81A0E13F800F29DC3 /* Sources */,
				84D2B5E91A0E13F800F29DC3 /* Frameworks */,
				84D2B5EA1A0E13F800F29DC3 /* Resources */,
			);
			buildRules = (
			);
			dependencies = (
				84D2B5EE1A0E13F800F29DC3 /* PBXTargetDependency */,
			);
			name = TrendsetterTests;
			productName = TrendsetterTests;
			productReference = 84D2B5EC1A0E13F800F29DC3 /* TrendsetterTests.xctest */;
			productType = "com.apple.product-type.bundle.unit-test";
		};
/* End PBXNativeTarget section */

/* Begin PBXProject section */
		84D2B5CB1A0E13F800F29DC3 /* Project object */ = {
			isa = PBXProject;
			attributes = {
				LastUpgradeCheck = 0610;
				ORGANIZATIONNAME = "William Gu";
				TargetAttributes = {
					84D2B5D21A0E13F800F29DC3 = {
						CreatedOnToolsVersion = 6.1;
					};
					84D2B5EB1A0E13F800F29DC3 = {
						CreatedOnToolsVersion = 6.1;
						TestTargetID = 84D2B5D21A0E13F800F29DC3;
					};
				};
			};
			buildConfigurationList = 84D2B5CE1A0E13F800F29DC3 /* Build configuration list for PBXProject "Trendsetter" */;
			compatibilityVersion = "Xcode 3.2";
			developmentRegion = English;
			hasScannedForEncodings = 0;
			knownRegions = (
				en,
				Base,
			);
			mainGroup = 84D2B5CA1A0E13F800F29DC3;
			productRefGroup = 84D2B5D41A0E13F800F29DC3 /* Products */;
			projectDirPath = "";
			projectRoot = "";
			targets = (
				84D2B5D21A0E13F800F29DC3 /* Trendsetter */,
				84D2B5EB1A0E13F800F29DC3 /* TrendsetterTests */,
			);
		};
/* End PBXProject section */

/* Begin PBXResourcesBuildPhase section */
		84D2B5D11A0E13F800F29DC3 /* Resources */ = {
			isa = PBXResourcesBuildPhase;
			buildActionMask = 2147483647;
			files = (
				84D2B5E71A0E13F800F29DC3 /* LaunchScreen.xib in Resources */,
				84D2B5E41A0E13F800F29DC3 /* Images.xcassets in Resources */,
				84D2B6001A0E142B00F29DC3 /* LoginViewController.xib in Resources */,
			);
			runOnlyForDeploymentPostprocessing = 0;
		};
		84D2B5EA1A0E13F800F29DC3 /* Resources */ = {
			isa = PBXResourcesBuildPhase;
			buildActionMask = 2147483647;
			files = (
			);
			runOnlyForDeploymentPostprocessing = 0;
		};
/* End PBXResourcesBuildPhase section */

/* Begin PBXSourcesBuildPhase section */
		84D2B5CF1A0E13F800F29DC3 /* Sources */ = {
			isa = PBXSourcesBuildPhase;
			buildActionMask = 2147483647;
			files = (
				84D2B5DC1A0E13F800F29DC3 /* AppDelegate.m in Sources */,
				84D2B5D91A0E13F800F29DC3 /* main.m in Sources */,
				84D2B5FF1A0E142B00F29DC3 /* LoginViewController.m in Sources */,
			);
			runOnlyForDeploymentPostprocessing = 0;
		};
		84D2B5E81A0E13F800F29DC3 /* Sources */ = {
			isa = PBXSourcesBuildPhase;
			buildActionMask = 2147483647;
			files = (
				84D2B5F31A0E13F800F29DC3 /* TrendsetterTests.m in Sources */,
			);
			runOnlyForDeploymentPostprocessing = 0;
		};
/* End PBXSourcesBuildPhase section */

/* Begin PBXTargetDependency section */
		84D2B5EE1A0E13F800F29DC3 /* PBXTargetDependency */ = {
			isa = PBXTargetDependency;
			target = 84D2B5D21A0E13F800F29DC3 /* Trendsetter */;
			targetProxy = 84D2B5ED1A0E13F800F29DC3 /* PBXContainerItemProxy */;
		};
/* End PBXTargetDependency section */

/* Begin PBXVariantGroup section */
		84D2B5E51A0E13F800F29DC3 /* LaunchScreen.xib */ = {
			isa = PBXVariantGroup;
			children = (
				84D2B5E61A0E13F800F29DC3 /* Base */,
			);
			name = LaunchScreen.xib;
			sourceTree = "<group>";
		};
/* End PBXVariantGroup section */

/* Begin XCBuildConfiguration section */
		84D2B5F41A0E13F800F29DC3 /* Debug */ = {
			isa = XCBuildConfiguration;
			buildSettings = {
				ALWAYS_SEARCH_USER_PATHS = NO;
				CLANG_CXX_LANGUAGE_STANDARD = "gnu++0x";
				CLANG_CXX_LIBRARY = "libc++";
				CLANG_ENABLE_MODULES = YES;
				CLANG_ENABLE_OBJC_ARC = YES;
				CLANG_WARN_BOOL_CONVERSION = YES;
				CLANG_WARN_CONSTANT_CONVERSION = YES;
				CLANG_WARN_DIRECT_OBJC_ISA_USAGE = YES_ERROR;
				CLANG_WARN_EMPTY_BODY = YES;
				CLANG_WARN_ENUM_CONVERSION = YES;
				CLANG_WARN_INT_CONVERSION = YES;
				CLANG_WARN_OBJC_ROOT_CLASS = YES_ERROR;
				CLANG_WARN_UNREACHABLE_CODE = YES;
				CLANG_WARN__DUPLICATE_METHOD_MATCH = YES;
				"CODE_SIGN_IDENTITY[sdk=iphoneos*]" = "iPhone Developer";
				COPY_PHASE_STRIP = NO;
				ENABLE_STRICT_OBJC_MSGSEND = YES;
				GCC_C_LANGUAGE_STANDARD = gnu99;
				GCC_DYNAMIC_NO_PIC = NO;
				GCC_OPTIMIZATION_LEVEL = 0;
				GCC_PREPROCESSOR_DEFINITIONS = (
					"DEBUG=1",
					"$(inherited)",
				);
				GCC_SYMBOLS_PRIVATE_EXTERN = NO;
				GCC_WARN_64_TO_32_BIT_CONVERSION = YES;
				GCC_WARN_ABOUT_RETURN_TYPE = YES_ERROR;
				GCC_WARN_UNDECLARED_SELECTOR = YES;
				GCC_WARN_UNINITIALIZED_AUTOS = YES_AGGRESSIVE;
				GCC_WARN_UNUSED_FUNCTION = YES;
				GCC_WARN_UNUSED_VARIABLE = YES;
				IPHONEOS_DEPLOYMENT_TARGET = 8.1;
				MTL_ENABLE_DEBUG_INFO = YES;
				ONLY_ACTIVE_ARCH = YES;
				SDKROOT = iphoneos;
			};
			name = Debug;
		};
		84D2B5F51A0E13F800F29DC3 /* Release */ = {
			isa = XCBuildConfiguration;
			buildSettings = {
				ALWAYS_SEARCH_USER_PATHS = NO;
				CLANG_CXX_LANGUAGE_STANDARD = "gnu++0x";
				CLANG_CXX_LIBRARY = "libc++";
				CLANG_ENABLE_MODULES = YES;
				CLANG_ENABLE_OBJC_ARC = YES;
				CLANG_WARN_BOOL_CONVERSION = YES;
				CLANG_WARN_CONSTANT_CONVERSION = YES;
				CLANG_WARN_DIRECT_OBJC_ISA_USAGE = YES_ERROR;
				CLANG_WARN_EMPTY_BODY = YES;
				CLANG_WARN_ENUM_CONVERSION = YES;
				CLANG_WARN_INT_CONVERSION = YES;
				CLANG_WARN_OBJC_ROOT_CLASS = YES_ERROR;
				CLANG_WARN_UNREACHABLE_CODE = YES;
				CLANG_WARN__DUPLICATE_METHOD_MATCH = YES;
				"CODE_SIGN_IDENTITY[sdk=iphoneos*]" = "iPhone Developer";
				COPY_PHASE_STRIP = YES;
				ENABLE_NS_ASSERTIONS = NO;
				ENABLE_STRICT_OBJC_MSGSEND = YES;
				GCC_C_LANGUAGE_STANDARD = gnu99;
				GCC_WARN_64_TO_32_BIT_CONVERSION = YES;
				GCC_WARN_ABOUT_RETURN_TYPE = YES_ERROR;
				GCC_WARN_UNDECLARED_SELECTOR = YES;
				GCC_WARN_UNINITIALIZED_AUTOS = YES_AGGRESSIVE;
				GCC_WARN_UNUSED_FUNCTION = YES;
				GCC_WARN_UNUSED_VARIABLE = YES;
				IPHONEOS_DEPLOYMENT_TARGET = 8.1;
				MTL_ENABLE_DEBUG_INFO = NO;
				SDKROOT = iphoneos;
				VALIDATE_PRODUCT = YES;
			};
			name = Release;
		};
		84D2B5F71A0E13F800F29DC3 /* Debug */ = {
			isa = XCBuildConfiguration;
			buildSettings = {
				ASSETCATALOG_COMPILER_APPICON_NAME = AppIcon;
				INFOPLIST_FILE = Trendsetter/Info.plist;
				IPHONEOS_DEPLOYMENT_TARGET = 8.0;
				LD_RUNPATH_SEARCH_PATHS = "$(inherited) @executable_path/Frameworks";
				PRODUCT_NAME = "$(TARGET_NAME)";
			};
			name = Debug;
		};
		84D2B5F81A0E13F800F29DC3 /* Release */ = {
			isa = XCBuildConfiguration;
			buildSettings = {
				ASSETCATALOG_COMPILER_APPICON_NAME = AppIcon;
				INFOPLIST_FILE = Trendsetter/Info.plist;
				IPHONEOS_DEPLOYMENT_TARGET = 8.0;
				LD_RUNPATH_SEARCH_PATHS = "$(inherited) @executable_path/Frameworks";
				PRODUCT_NAME = "$(TARGET_NAME)";
			};
			name = Release;
		};
		84D2B5FA1A0E13F800F29DC3 /* Debug */ = {
			isa = XCBuildConfiguration;
			buildSettings = {
				BUNDLE_LOADER = "$(TEST_HOST)";
				FRAMEWORK_SEARCH_PATHS = (
					"$(SDKROOT)/Developer/Library/Frameworks",
					"$(inherited)",
				);
				GCC_PREPROCESSOR_DEFINITIONS = (
					"DEBUG=1",
					"$(inherited)",
				);
				INFOPLIST_FILE = TrendsetterTests/Info.plist;
				LD_RUNPATH_SEARCH_PATHS = "$(inherited) @executable_path/Frameworks @loader_path/Frameworks";
				PRODUCT_NAME = "$(TARGET_NAME)";
				TEST_HOST = "$(BUILT_PRODUCTS_DIR)/Trendsetter.app/Trendsetter";
			};
			name = Debug;
		};
		84D2B5FB1A0E13F800F29DC3 /* Release */ = {
			isa = XCBuildConfiguration;
			buildSettings = {
				BUNDLE_LOADER = "$(TEST_HOST)";
				FRAMEWORK_SEARCH_PATHS = (
					"$(SDKROOT)/Developer/Library/Frameworks",
					"$(inherited)",
				);
				INFOPLIST_FILE = TrendsetterTests/Info.plist;
				LD_RUNPATH_SEARCH_PATHS = "$(inherited) @executable_path/Frameworks @loader_path/Frameworks";
				PRODUCT_NAME = "$(TARGET_NAME)";
				TEST_HOST = "$(BUILT_PRODUCTS_DIR)/Trendsetter.app/Trendsetter";
			};
			name = Release;
		};
/* End XCBuildConfiguration section */

/* Begin XCConfigurationList section */
		84D2B5CE1A0E13F800F29DC3 /* Build configuration list for PBXProject "Trendsetter" */ = {
			isa = XCConfigurationList;
			buildConfigurations = (
				84D2B5F41A0E13F800F29DC3 /* Debug */,
				84D2B5F51A0E13F800F29DC3 /* Release */,
			);
			defaultConfigurationIsVisible = 0;
			defaultConfigurationName = Release;
		};
		84D2B5F61A0E13F800F29DC3 /* Build configuration list for PBXNativeTarget "Trendsetter" */ = {
			isa = XCConfigurationList;
			buildConfigurations = (
				84D2B5F71A0E13F800F29DC3 /* Debug */,
				84D2B5F81A0E13F800F29DC3 /* Release */,
			);
			defaultConfigurationIsVisible = 0;
		};
		84D2B5F91A0E13F800F29DC3 /* Build configuration list for PBXNativeTarget "TrendsetterTests" */ = {
			isa = XCConfigurationList;
			buildConfigurations = (
				84D2B5FA1A0E13F800F29DC3 /* Debug */,
				84D2B5FB1A0E13F800F29DC3 /* Release */,
			);
			defaultConfigurationIsVisible = 0;
		};
/* End XCConfigurationList section */
	};
	rootObject = 84D2B5CB1A0E13F800F29DC3 /* Project object */;
}
